// !$*UTF8*$!
{
	archiveVersion = 1;
	classes = {
	};
	objectVersion = 50;
	objects = {

/* Begin PBXBuildFile section */
		21BFFC6423812EBC00A36D1B /* AppDelegate.swift in Sources */ = {isa = PBXBuildFile; fileRef = 21BFFC6323812EBC00A36D1B /* AppDelegate.swift */; };
		21BFFC6623812EBC00A36D1B /* GameScene.sks in Resources */ = {isa = PBXBuildFile; fileRef = 21BFFC6523812EBC00A36D1B /* GameScene.sks */; };
		21BFFC6A23812EBC00A36D1B /* GameScene.swift in Sources */ = {isa = PBXBuildFile; fileRef = 21BFFC6923812EBC00A36D1B /* GameScene.swift */; };
		21BFFC6C23812EBC00A36D1B /* GameViewController.swift in Sources */ = {isa = PBXBuildFile; fileRef = 21BFFC6B23812EBC00A36D1B /* GameViewController.swift */; };
		21BFFC6F23812EBC00A36D1B /* Main.storyboard in Resources */ = {isa = PBXBuildFile; fileRef = 21BFFC6D23812EBC00A36D1B /* Main.storyboard */; };
		21BFFC7123812EC400A36D1B /* Assets.xcassets in Resources */ = {isa = PBXBuildFile; fileRef = 21BFFC7023812EC400A36D1B /* Assets.xcassets */; };
		21BFFC7423812EC400A36D1B /* LaunchScreen.storyboard in Resources */ = {isa = PBXBuildFile; fileRef = 21BFFC7223812EC400A36D1B /* LaunchScreen.storyboard */; };
		21BFFC7D23812F3500A36D1B /* starfield.sks in Resources */ = {isa = PBXBuildFile; fileRef = 21BFFC7B23812F3500A36D1B /* starfield.sks */; };
		21BFFC7E23812F3500A36D1B /* explosion.sks in Resources */ = {isa = PBXBuildFile; fileRef = 21BFFC7C23812F3500A36D1B /* explosion.sks */; };
/* End PBXBuildFile section */

/* Begin PBXFileReference section */
		21BFFC6023812EBC00A36D1B /* Project17.app */ = {isa = PBXFileReference; explicitFileType = wrapper.application; includeInIndex = 0; path = Project17.app; sourceTree = BUILT_PRODUCTS_DIR; };
		21BFFC6323812EBC00A36D1B /* AppDelegate.swift */ = {isa = PBXFileReference; lastKnownFileType = sourcecode.swift; path = AppDelegate.swift; sourceTree = "<group>"; };
		21BFFC6523812EBC00A36D1B /* GameScene.sks */ = {isa = PBXFileReference; lastKnownFileType = file.sks; path = GameScene.sks; sourceTree = "<group>"; };
		21BFFC6923812EBC00A36D1B /* GameScene.swift */ = {isa = PBXFileReference; lastKnownFileType = sourcecode.swift; path = GameScene.swift; sourceTree = "<group>"; };
		21BFFC6B23812EBC00A36D1B /* GameViewController.swift */ = {isa = PBXFileReference; lastKnownFileType = sourcecode.swift; path = GameViewController.swift; sourceTree = "<group>"; };
		21BFFC6E23812EBC00A36D1B /* Base */ = {isa = PBXFileReference; lastKnownFileType = file.storyboard; name = Base; path = Base.lproj/Main.storyboard; sourceTree = "<group>"; };
		21BFFC7023812EC400A36D1B /* Assets.xcassets */ = {isa = PBXFileReference; lastKnownFileType = folder.assetcatalog; path = Assets.xcassets; sourceTree = "<group>"; };
		21BFFC7323812EC400A36D1B /* Base */ = {isa = PBXFileReference; lastKnownFileType = file.storyboard; name = Base; path = Base.lproj/LaunchScreen.storyboard; sourceTree = "<group>"; };
		21BFFC7523812EC400A36D1B /* Info.plist */ = {isa = PBXFileReference; lastKnownFileType = text.plist.xml; path = Info.plist; sourceTree = "<group>"; };
		21BFFC7B23812F3500A36D1B /* starfield.sks */ = {isa = PBXFileReference; lastKnownFileType = file.sks; path = starfield.sks; sourceTree = "<group>"; };
		21BFFC7C23812F3500A36D1B /* explosion.sks */ = {isa = PBXFileReference; lastKnownFileType = file.sks; path = explosion.sks; sourceTree = "<group>"; };
/* End PBXFileReference section */

/* Begin PBXFrameworksBuildPhase section */
		21BFFC5D23812EBC00A36D1B /* Frameworks */ = {
			isa = PBXFrameworksBuildPhase;
			buildActionMask = 2147483647;
			files = (
			);
			runOnlyForDeploymentPostprocessing = 0;
		};
/* End PBXFrameworksBuildPhase section */

/* Begin PBXGroup section */
		21BFFC5723812EBC00A36D1B = {
			isa = PBXGroup;
			children = (
				21BFFC6223812EBC00A36D1B /* Project17 */,
				21BFFC6123812EBC00A36D1B /* Products */,
			);
			sourceTree = "<group>";
		};
		21BFFC6123812EBC00A36D1B /* Products */ = {
			isa = PBXGroup;
			children = (
				21BFFC6023812EBC00A36D1B /* Project17.app */,
			);
			name = Products;
			sourceTree = "<group>";
		};
		21BFFC6223812EBC00A36D1B /* Project17 */ = {
			isa = PBXGroup;
			children = (
				21BFFC6323812EBC00A36D1B /* AppDelegate.swift */,
				21BFFC6523812EBC00A36D1B /* GameScene.sks */,
				21BFFC6923812EBC00A36D1B /* GameScene.swift */,
				21BFFC6B23812EBC00A36D1B /* GameViewController.swift */,
				21BFFC6D23812EBC00A36D1B /* Main.storyboard */,
				21BFFC7023812EC400A36D1B /* Assets.xcassets */,
				21BFFC7223812EC400A36D1B /* LaunchScreen.storyboard */,
				21BFFC7523812EC400A36D1B /* Info.plist */,
				21BFFC7C23812F3500A36D1B /* explosion.sks */,
				21BFFC7B23812F3500A36D1B /* starfield.sks */,
			);
			path = Project17;
			sourceTree = "<group>";
		};
/* End PBXGroup section */

/* Begin PBXNativeTarget section */
		21BFFC5F23812EBC00A36D1B /* Project17 */ = {
			isa = PBXNativeTarget;
			buildConfigurationList = 21BFFC7823812EC400A36D1B /* Build configuration list for PBXNativeTarget "Project17" */;
			buildPhases = (
				21BFFC5C23812EBC00A36D1B /* Sources */,
				21BFFC5D23812EBC00A36D1B /* Frameworks */,
				21BFFC5E23812EBC00A36D1B /* Resources */,
			);
			buildRules = (
			);
			dependencies = (
			);
			name = Project17;
			productName = Project17;
			productReference = 21BFFC6023812EBC00A36D1B /* Project17.app */;
			productType = "com.apple.product-type.application";
		};
/* End PBXNativeTarget section */

/* Begin PBXProject section */
		21BFFC5823812EBC00A36D1B /* Project object */ = {
			isa = PBXProject;
			attributes = {
				LastSwiftUpdateCheck = 1120;
				LastUpgradeCheck = 1120;
				ORGANIZATIONNAME = "Learning Swift";
				TargetAttributes = {
					21BFFC5F23812EBC00A36D1B = {
						CreatedOnToolsVersion = 11.2.1;
					};
				};
			};
			buildConfigurationList = 21BFFC5B23812EBC00A36D1B /* Build configuration list for PBXProject "Project17" */;
			compatibilityVersion = "Xcode 9.3";
			developmentRegion = en;
			hasScannedForEncodings = 0;
			knownRegions = (
				en,
				Base,
			);
			mainGroup = 21BFFC5723812EBC00A36D1B;
			productRefGroup = 21BFFC6123812EBC00A36D1B /* Products */;
			projectDirPath = "";
			projectRoot = "";
			targets = (
				21BFFC5F23812EBC00A36D1B /* Project17 */,
			);
		};
/* End PBXProject section */

/* Begin PBXResourcesBuildPhase section */
		21BFFC5E23812EBC00A36D1B /* Resources */ = {
			isa = PBXResourcesBuildPhase;
			buildActionMask = 2147483647;
			files = (
				21BFFC6F23812EBC00A36D1B /* Main.storyboard in Resources */,
				21BFFC6623812EBC00A36D1B /* GameScene.sks in Resources */,
				21BFFC7123812EC400A36D1B /* Assets.xcassets in Resources */,
				21BFFC7423812EC400A36D1B /* LaunchScreen.storyboard in Resources */,
				21BFFC7E23812F3500A36D1B /* explosion.sks in Resources */,
				21BFFC7D23812F3500A36D1B /* starfield.sks in Resources */,
			);
			runOnlyForDeploymentPostprocessing = 0;
		};
/* End PBXResourcesBuildPhase section */

/* Begin PBXSourcesBuildPhase section */
		21BFFC5C23812EBC00A36D1B /* Sources */ = {
			isa = PBXSourcesBuildPhase;
			buildActionMask = 2147483647;
			files = (
				21BFFC6A23812EBC00A36D1B /* GameScene.swift in Sources */,
				21BFFC6C23812EBC00A36D1B /* GameViewController.swift in Sources */,
				21BFFC6423812EBC00A36D1B /* AppDelegate.swift in Sources */,
			);
			runOnlyForDeploymentPostprocessing = 0;
		};
/* End PBXSourcesBuildPhase section */

/* Begin PBXVariantGroup section */
		21BFFC6D23812EBC00A36D1B /* Main.storyboard */ = {
			isa = PBXVariantGroup;
			children = (
				21BFFC6E23812EBC00A36D1B /* Base */,
			);
			name = Main.storyboard;
			sourceTree = "<group>";
		};
		21BFFC7223812EC400A36D1B /* LaunchScreen.storyboard */ = {
			isa = PBXVariantGroup;
			children = (
				21BFFC7323812EC400A36D1B /* Base */,
			);
			name = LaunchScreen.storyboard;
			sourceTree = "<group>";
		};
/* End PBXVariantGroup section */

/* Begin XCBuildConfiguration section */
		21BFFC7623812EC400A36D1B /* Debug */ = {
			isa = XCBuildConfiguration;
			buildSettings = {
				ALWAYS_SEARCH_USER_PATHS = NO;
				CLANG_ANALYZER_NONNULL = YES;
				CLANG_ANALYZER_NUMBER_OBJECT_CONVERSION = YES_AGGRESSIVE;
				CLANG_CXX_LANGUAGE_STANDARD = "gnu++14";
				CLANG_CXX_LIBRARY = "libc++";
				CLANG_ENABLE_MODULES = YES;
				CLANG_ENABLE_OBJC_ARC = YES;
				CLANG_ENABLE_OBJC_WEAK = YES;
				CLANG_WARN_BLOCK_CAPTURE_AUTORELEASING = YES;
				CLANG_WARN_BOOL_CONVERSION = YES;
				CLANG_WARN_COMMA = YES;
				CLANG_WARN_CONSTANT_CONVERSION = YES;
				CLANG_WARN_DEPRECATED_OBJC_IMPLEMENTATIONS = YES;
				CLANG_WARN_DIRECT_OBJC_ISA_USAGE = YES_ERROR;
				CLANG_WARN_DOCUMENTATION_COMMENTS = YES;
				CLANG_WARN_EMPTY_BODY = YES;
				CLANG_WARN_ENUM_CONVERSION = YES;
				CLANG_WARN_INFINITE_RECURSION = YES;
				CLANG_WARN_INT_CONVERSION = YES;
				CLANG_WARN_NON_LITERAL_NULL_CONVERSION = YES;
				CLANG_WARN_OBJC_IMPLICIT_RETAIN_SELF = YES;
				CLANG_WARN_OBJC_LITERAL_CONVERSION = YES;
				CLANG_WARN_OBJC_ROOT_CLASS = YES_ERROR;
				CLANG_WARN_RANGE_LOOP_ANALYSIS = YES;
				CLANG_WARN_STRICT_PROTOTYPES = YES;
				CLANG_WARN_SUSPICIOUS_MOVE = YES;
				CLANG_WARN_UNGUARDED_AVAILABILITY = YES_AGGRESSIVE;
				CLANG_WARN_UNREACHABLE_CODE = YES;
				CLANG_WARN__DUPLICATE_METHOD_MATCH = YES;
				COPY_PHASE_STRIP = NO;
				DEBUG_INFORMATION_FORMAT = dwarf;
				ENABLE_STRICT_OBJC_MSGSEND = YES;
				ENABLE_TESTABILITY = YES;
				GCC_C_LANGUAGE_STANDARD = gnu11;
				GCC_DYNAMIC_NO_PIC = NO;
				GCC_NO_COMMON_BLOCKS = YES;
				GCC_OPTIMIZATION_LEVEL = 0;
				GCC_PREPROCESSOR_DEFINITIONS = (
					"DEBUG=1",
					"$(inherited)",
				);
				GCC_WARN_64_TO_32_BIT_CONVERSION = YES;
				GCC_WARN_ABOUT_RETURN_TYPE = YES_ERROR;
				GCC_WARN_UNDECLARED_SELECTOR = YES;
				GCC_WARN_UNINITIALIZED_AUTOS = YES_AGGRESSIVE;
				GCC_WARN_UNUSED_FUNCTION = YES;
				GCC_WARN_UNUSED_VARIABLE = YES;
				IPHONEOS_DEPLOYMENT_TARGET = 13.2;
				MTL_ENABLE_DEBUG_INFO = INCLUDE_SOURCE;
				MTL_FAST_MATH = YES;
				ONLY_ACTIVE_ARCH = YES;
				SDKROOT = iphoneos;
				SWIFT_ACTIVE_COMPILATION_CONDITIONS = DEBUG;
				SWIFT_OPTIMIZATION_LEVEL = "-Onone";
			};
			name = Debug;
		};
		21BFFC7723812EC400A36D1B /* Release */ = {
			isa = XCBuildConfiguration;
			buildSettings = {
				ALWAYS_SEARCH_USER_PATHS = NO;
				CLANG_ANALYZER_NONNULL = YES;
				CLANG_ANALYZER_NUMBER_OBJECT_CONVERSION = YES_AGGRESSIVE;
				CLANG_CXX_LANGUAGE_STANDARD = "gnu++14";
				CLANG_CXX_LIBRARY = "libc++";
				CLANG_ENABLE_MODULES = YES;
				CLANG_ENABLE_OBJC_ARC = YES;
				CLANG_ENABLE_OBJC_WEAK = YES;
				CLANG_WARN_BLOCK_CAPTURE_AUTORELEASING = YES;
				CLANG_WARN_BOOL_CONVERSION = YES;
				CLANG_WARN_COMMA = YES;
				CLANG_WARN_CONSTANT_CONVERSION = YES;
				CLANG_WARN_DEPRECATED_OBJC_IMPLEMENTATIONS = YES;
				CLANG_WARN_DIRECT_OBJC_ISA_USAGE = YES_ERROR;
				CLANG_WARN_DOCUMENTATION_COMMENTS = YES;
				CLANG_WARN_EMPTY_BODY = YES;
				CLANG_WARN_ENUM_CONVERSION = YES;
				CLANG_WARN_INFINITE_RECURSION = YES;
				CLANG_WARN_INT_CONVERSION = YES;
				CLANG_WARN_NON_LITERAL_NULL_CONVERSION = YES;
				CLANG_WARN_OBJC_IMPLICIT_RETAIN_SELF = YES;
				CLANG_WARN_OBJC_LITERAL_CONVERSION = YES;
				CLANG_WARN_OBJC_ROOT_CLASS = YES_ERROR;
				CLANG_WARN_RANGE_LOOP_ANALYSIS = YES;
				CLANG_WARN_STRICT_PROTOTYPES = YES;
				CLANG_WARN_SUSPICIOUS_MOVE = YES;
				CLANG_WARN_UNGUARDED_AVAILABILITY = YES_AGGRESSIVE;
				CLANG_WARN_UNREACHABLE_CODE = YES;
				CLANG_WARN__DUPLICATE_METHOD_MATCH = YES;
				COPY_PHASE_STRIP = NO;
				DEBUG_INFORMATION_FORMAT = "dwarf-with-dsym";
				ENABLE_NS_ASSERTIONS = NO;
				ENABLE_STRICT_OBJC_MSGSEND = YES;
				GCC_C_LANGUAGE_STANDARD = gnu11;
				GCC_NO_COMMON_BLOCKS = YES;
				GCC_WARN_64_TO_32_BIT_CONVERSION = YES;
				GCC_WARN_ABOUT_RETURN_TYPE = YES_ERROR;
				GCC_WARN_UNDECLARED_SELECTOR = YES;
				GCC_WARN_UNINITIALIZED_AUTOS = YES_AGGRESSIVE;
				GCC_WARN_UNUSED_FUNCTION = YES;
				GCC_WARN_UNUSED_VARIABLE = YES;
				IPHONEOS_DEPLOYMENT_TARGET = 13.2;
				MTL_ENABLE_DEBUG_INFO = NO;
				MTL_FAST_MATH = YES;
				SDKROOT = iphoneos;
				SWIFT_COMPILATION_MODE = wholemodule;
				SWIFT_OPTIMIZATION_LEVEL = "-O";
				VALIDATE_PRODUCT = YES;
			};
			name = Release;
		};
		21BFFC7923812EC400A36D1B /* Debug */ = {
			isa = XCBuildConfiguration;
			buildSettings = {
				ASSETCATALOG_COMPILER_APPICON_NAME = AppIcon;
				CODE_SIGN_STYLE = Automatic;
				DEVELOPMENT_TEAM = 2NR48U86L7;
				INFOPLIST_FILE = Project17/Info.plist;
				LD_RUNPATH_SEARCH_PATHS = (
					"$(inherited)",
					"@executable_path/Frameworks",
				);
				PRODUCT_BUNDLE_IDENTIFIER = learning.Project17;
				PRODUCT_NAME = "$(TARGET_NAME)";
				SWIFT_VERSION = 5.0;
				TARGETED_DEVICE_FAMILY = 2;
			};
			name = Debug;
		};
		21BFFC7A23812EC400A36D1B /* Release */ = {
			isa = XCBuildConfiguration;
			buildSettings = {
				ASSETCATALOG_COMPILER_APPICON_NAME = AppIcon;
				CODE_SIGN_STYLE = Automatic;
				DEVELOPMENT_TEAM = 2NR48U86L7;
				INFOPLIST_FILE = Project17/Info.plist;
				LD_RUNPATH_SEARCH_PATHS = (
					"$(inherited)",
					"@executable_path/Frameworks",
				);
				PRODUCT_BUNDLE_IDENTIFIER = learning.Project17;
				PRODUCT_NAME = "$(TARGET_NAME)";
				SWIFT_VERSION = 5.0;
				TARGETED_DEVICE_FAMILY = 2;
			};
			name = Release;
		};
/* End XCBuildConfiguration section */

/* Begin XCConfigurationList section */
		21BFFC5B23812EBC00A36D1B /* Build configuration list for PBXProject "Project17" */ = {
			isa = XCConfigurationList;
			buildConfigurations = (
				21BFFC7623812EC400A36D1B /* Debug */,
				21BFFC7723812EC400A36D1B /* Release */,
			);
			defaultConfigurationIsVisible = 0;
			defaultConfigurationName = Release;
		};
		21BFFC7823812EC400A36D1B /* Build configuration list for PBXNativeTarget "Project17" */ = {
			isa = XCConfigurationList;
			buildConfigurations = (
				21BFFC7923812EC400A36D1B /* Debug */,
				21BFFC7A23812EC400A36D1B /* Release */,
			);
			defaultConfigurationIsVisible = 0;
			defaultConfigurationName = Release;
		};
/* End XCConfigurationList section */
	};
	rootObject = 21BFFC5823812EBC00A36D1B /* Project object */;
}
